
Microsoft Visual Studio Solution File, Format Version 12.00
# Visual Studio 15
VisualStudioVersion = 15.0.28307.1831
MinimumVisualStudioVersion = 10.0.40219.1
Project("{FAE04EC0-301F-11D3-BF4B-00C04F79EFBC}") = "ConsolaPatentes", "ConsolaPatentes\ConsolaPatentes.csproj", "{F591D2B0-C0D9-4B1A-965D-E97D49BCEE06}"
EndProject
Project("{FAE04EC0-301F-11D3-BF4B-00C04F79EFBC}") = "Patentes Chilenas", "Patentes Chilenas\Patentes Chilenas.csproj", "{69747700-5758-4D15-9AB0-E8873B3BEC04}"
EndProject
Project("{FAE04EC0-301F-11D3-BF4B-00C04F79EFBC}") = "Automovil", "Automovil\Automovil.csproj", "{EB24D565-8E91-44F3-A66D-35C693FE2D1A}"
EndProject
Global
	GlobalSection(SolutionConfigurationPlatforms) = preSolution
		Debug|Any CPU = Debug|Any CPU
		Release|Any CPU = Release|Any CPU
	EndGlobalSection
	GlobalSection(ProjectConfigurationPlatforms) = postSolution
		{F591D2B0-C0D9-4B1A-965D-E97D49BCEE06}.Debug|Any CPU.ActiveCfg = Debug|Any CPU
		{F591D2B0-C0D9-4B1A-965D-E97D49BCEE06}.Debug|Any CPU.Build.0 = Debug|Any CPU
		{F591D2B0-C0D9-4B1A-965D-E97D49BCEE06}.Release|Any CPU.ActiveCfg = Release|Any CPU
		{F591D2B0-C0D9-4B1A-965D-E97D49BCEE06}.Release|Any CPU.Build.0 = Release|Any CPU
		{69747700-5758-4D15-9AB0-E8873B3BEC04}.Debug|Any CPU.ActiveCfg = Debug|Any CPU
		{69747700-5758-4D15-9AB0-E8873B3BEC04}.Debug|Any CPU.Build.0 = Debug|Any CPU
		{69747700-5758-4D15-9AB0-E8873B3BEC04}.Release|Any CPU.ActiveCfg = Release|Any CPU
		{69747700-5758-4D15-9AB0-E8873B3BEC04}.Release|Any CPU.Build.0 = Release|Any CPU
		{EB24D565-8E91-44F3-A66D-35C693FE2D1A}.Debug|Any CPU.ActiveCfg = Debug|Any CPU
		{EB24D565-8E91-44F3-A66D-35C693FE2D1A}.Debug|Any CPU.Build.0 = Debug|Any CPU
		{EB24D565-8E91-44F3-A66D-35C693FE2D1A}.Release|Any CPU.ActiveCfg = Release|Any CPU
		{EB24D565-8E91-44F3-A66D-35C693FE2D1A}.Release|Any CPU.Build.0 = Release|Any CPU
	EndGlobalSection
	GlobalSection(SolutionProperties) = preSolution
		HideSolutionNode = FALSE
	EndGlobalSection
	GlobalSection(ExtensibilityGlobals) = postSolution
		SolutionGuid = {F1D58792-B722-44D3-87AD-58AA9AC464B7}
	EndGlobalSection
EndGlobal
